
Microsoft Visual Studio Solution File, Format Version 12.00
# Visual Studio Version 17
VisualStudioVersion = 17.14.36327.8 d17.14
MinimumVisualStudioVersion = 10.0.40219.1
Project("{54A90642-561A-4BB1-A94E-469ADEE60C69}") = "BackendProject", "BackendProject\BackendProject.esproj", "{792E045E-CED4-0194-CAB3-75D62C470EA5}"
EndProject
Global
	GlobalSection(SolutionConfigurationPlatforms) = preSolution
		Debug|Any CPU = Debug|Any CPU
		Release|Any CPU = Release|Any CPU
	EndGlobalSection
	GlobalSection(ProjectConfigurationPlatforms) = postSolution
		{792E045E-CED4-0194-CAB3-75D62C470EA5}.Debug|Any CPU.ActiveCfg = Debug|Any CPU
		{792E045E-CED4-0194-CAB3-75D62C470EA5}.Debug|Any CPU.Build.0 = Debug|Any CPU
		{792E045E-CED4-0194-CAB3-75D62C470EA5}.Debug|Any CPU.Deploy.0 = Debug|Any CPU
		{792E045E-CED4-0194-CAB3-75D62C470EA5}.Release|Any CPU.ActiveCfg = Release|Any CPU
		{792E045E-CED4-0194-CAB3-75D62C470EA5}.Release|Any CPU.Build.0 = Release|Any CPU
		{792E045E-CED4-0194-CAB3-75D62C470EA5}.Release|Any CPU.Deploy.0 = Release|Any CPU
	EndGlobalSection
	GlobalSection(SolutionProperties) = preSolution
		HideSolutionNode = FALSE
	EndGlobalSection
	GlobalSection(ExtensibilityGlobals) = postSolution
		SolutionGuid = {75EE3E80-4753-4BC6-B85C-118B96BA73A8}
	EndGlobalSection
EndGlobal
